
Microsoft Visual Studio Solution File, Format Version 12.00
# Visual Studio 2013
VisualStudioVersion = 12.0.40629.0
MinimumVisualStudioVersion = 10.0.40219.1
Project("{FAE04EC0-301F-11D3-BF4B-00C04F79EFBC}") = "AccesoDatos", "AccesoDatos\AccesoDatos.csproj", "{BEEA5F26-3A6F-4A01-8D62-EF0C27E929BF}"
EndProject
Project("{FAE04EC0-301F-11D3-BF4B-00C04F79EFBC}") = "Entidades", "Entidades\Entidades.csproj", "{CB3A2234-2123-4E15-B58C-B7FF2A731204}"
EndProject
Project("{2150E333-8FDC-42A3-9474-1A3956D46DE8}") = "Solution Items", "Solution Items", "{26735581-6C6B-4CAC-BC24-782514FE6771}"
	ProjectSection(SolutionItems) = preProject
		Local.testsettings = Local.testsettings
		PlanillaAsistencia.vsmdi = PlanillaAsistencia.vsmdi
		TraceAndTestImpact.testsettings = TraceAndTestImpact.testsettings
	EndProjectSection
EndProject
Project("{FAE04EC0-301F-11D3-BF4B-00C04F79EFBC}") = "Utilidades", "Utilidades\Utilidades.csproj", "{7FCC5895-70D4-4825-A03C-E4D88EACA187}"
EndProject
Project("{FAE04EC0-301F-11D3-BF4B-00C04F79EFBC}") = "PlanillaAsistencia", "PlanillaAsistencia\PlanillaAsistencia.csproj", "{CD0C34FD-52F9-4124-9D8A-8B48337A54DD}"
EndProject
Project("{FAE04EC0-301F-11D3-BF4B-00C04F79EFBC}") = "Configuracion", "Configuracion\Configuracion.csproj", "{71941B97-E905-4BE2-82AB-8114F57BE27C}"
EndProject
Project("{FAE04EC0-301F-11D3-BF4B-00C04F79EFBC}") = "Sincronizacion", "SincronizacionInterBase\Sincronizacion.csproj", "{9B0C567E-CE8F-4EB3-B23D-90C3E1256AAB}"
EndProject
Project("{FAE04EC0-301F-11D3-BF4B-00C04F79EFBC}") = "ContenedoresDeDatos", "EstructurasDeDatos\ContenedoresDeDatos.csproj", "{213F254E-BA77-4766-8BAC-B641CB867E0F}"
EndProject
Global
	GlobalSection(SolutionConfigurationPlatforms) = preSolution
		Debug|Any CPU = Debug|Any CPU
		Debug|Mixed Platforms = Debug|Mixed Platforms
		Debug|x86 = Debug|x86
		Release|Any CPU = Release|Any CPU
		Release|Mixed Platforms = Release|Mixed Platforms
		Release|x86 = Release|x86
	EndGlobalSection
	GlobalSection(ProjectConfigurationPlatforms) = postSolution
		{BEEA5F26-3A6F-4A01-8D62-EF0C27E929BF}.Debug|Any CPU.ActiveCfg = Debug|Any CPU
		{BEEA5F26-3A6F-4A01-8D62-EF0C27E929BF}.Debug|Any CPU.Build.0 = Debug|Any CPU
		{BEEA5F26-3A6F-4A01-8D62-EF0C27E929BF}.Debug|Mixed Platforms.ActiveCfg = Debug|Any CPU
		{BEEA5F26-3A6F-4A01-8D62-EF0C27E929BF}.Debug|Mixed Platforms.Build.0 = Debug|Any CPU
		{BEEA5F26-3A6F-4A01-8D62-EF0C27E929BF}.Debug|x86.ActiveCfg = Debug|Any CPU
		{BEEA5F26-3A6F-4A01-8D62-EF0C27E929BF}.Release|Any CPU.ActiveCfg = Release|Any CPU
		{BEEA5F26-3A6F-4A01-8D62-EF0C27E929BF}.Release|Any CPU.Build.0 = Release|Any CPU
		{BEEA5F26-3A6F-4A01-8D62-EF0C27E929BF}.Release|Mixed Platforms.ActiveCfg = Release|Any CPU
		{BEEA5F26-3A6F-4A01-8D62-EF0C27E929BF}.Release|Mixed Platforms.Build.0 = Release|Any CPU
		{BEEA5F26-3A6F-4A01-8D62-EF0C27E929BF}.Release|x86.ActiveCfg = Release|Any CPU
		{CB3A2234-2123-4E15-B58C-B7FF2A731204}.Debug|Any CPU.ActiveCfg = Debug|Any CPU
		{CB3A2234-2123-4E15-B58C-B7FF2A731204}.Debug|Any CPU.Build.0 = Debug|Any CPU
		{CB3A2234-2123-4E15-B58C-B7FF2A731204}.Debug|Mixed Platforms.ActiveCfg = Debug|Any CPU
		{CB3A2234-2123-4E15-B58C-B7FF2A731204}.Debug|Mixed Platforms.Build.0 = Debug|Any CPU
		{CB3A2234-2123-4E15-B58C-B7FF2A731204}.Debug|x86.ActiveCfg = Debug|Any CPU
		{CB3A2234-2123-4E15-B58C-B7FF2A731204}.Release|Any CPU.ActiveCfg = Release|Any CPU
		{CB3A2234-2123-4E15-B58C-B7FF2A731204}.Release|Any CPU.Build.0 = Release|Any CPU
		{CB3A2234-2123-4E15-B58C-B7FF2A731204}.Release|Mixed Platforms.ActiveCfg = Release|Any CPU
		{CB3A2234-2123-4E15-B58C-B7FF2A731204}.Release|Mixed Platforms.Build.0 = Release|Any CPU
		{CB3A2234-2123-4E15-B58C-B7FF2A731204}.Release|x86.ActiveCfg = Release|Any CPU
		{7FCC5895-70D4-4825-A03C-E4D88EACA187}.Debug|Any CPU.ActiveCfg = Debug|Any CPU
		{7FCC5895-70D4-4825-A03C-E4D88EACA187}.Debug|Any CPU.Build.0 = Debug|Any CPU
		{7FCC5895-70D4-4825-A03C-E4D88EACA187}.Debug|Mixed Platforms.ActiveCfg = Debug|Any CPU
		{7FCC5895-70D4-4825-A03C-E4D88EACA187}.Debug|Mixed Platforms.Build.0 = Debug|Any CPU
		{7FCC5895-70D4-4825-A03C-E4D88EACA187}.Debug|x86.ActiveCfg = Debug|Any CPU
		{7FCC5895-70D4-4825-A03C-E4D88EACA187}.Release|Any CPU.ActiveCfg = Release|Any CPU
		{7FCC5895-70D4-4825-A03C-E4D88EACA187}.Release|Any CPU.Build.0 = Release|Any CPU
		{7FCC5895-70D4-4825-A03C-E4D88EACA187}.Release|Mixed Platforms.ActiveCfg = Release|Any CPU
		{7FCC5895-70D4-4825-A03C-E4D88EACA187}.Release|Mixed Platforms.Build.0 = Release|Any CPU
		{7FCC5895-70D4-4825-A03C-E4D88EACA187}.Release|x86.ActiveCfg = Release|Any CPU
		{CD0C34FD-52F9-4124-9D8A-8B48337A54DD}.Debug|Any CPU.ActiveCfg = Debug|Any CPU
		{CD0C34FD-52F9-4124-9D8A-8B48337A54DD}.Debug|Any CPU.Build.0 = Debug|Any CPU
		{CD0C34FD-52F9-4124-9D8A-8B48337A54DD}.Debug|Mixed Platforms.ActiveCfg = Debug|Any CPU
		{CD0C34FD-52F9-4124-9D8A-8B48337A54DD}.Debug|Mixed Platforms.Build.0 = Debug|Any CPU
		{CD0C34FD-52F9-4124-9D8A-8B48337A54DD}.Debug|x86.ActiveCfg = Debug|Any CPU
		{CD0C34FD-52F9-4124-9D8A-8B48337A54DD}.Release|Any CPU.ActiveCfg = Release|Any CPU
		{CD0C34FD-52F9-4124-9D8A-8B48337A54DD}.Release|Any CPU.Build.0 = Release|Any CPU
		{CD0C34FD-52F9-4124-9D8A-8B48337A54DD}.Release|Mixed Platforms.ActiveCfg = Release|Any CPU
		{CD0C34FD-52F9-4124-9D8A-8B48337A54DD}.Release|Mixed Platforms.Build.0 = Release|Any CPU
		{CD0C34FD-52F9-4124-9D8A-8B48337A54DD}.Release|x86.ActiveCfg = Release|Any CPU
		{71941B97-E905-4BE2-82AB-8114F57BE27C}.Debug|Any CPU.ActiveCfg = Debug|Any CPU
		{71941B97-E905-4BE2-82AB-8114F57BE27C}.Debug|Any CPU.Build.0 = Debug|Any CPU
		{71941B97-E905-4BE2-82AB-8114F57BE27C}.Debug|Mixed Platforms.ActiveCfg = Debug|Any CPU
		{71941B97-E905-4BE2-82AB-8114F57BE27C}.Debug|Mixed Platforms.Build.0 = Debug|Any CPU
		{71941B97-E905-4BE2-82AB-8114F57BE27C}.Debug|x86.ActiveCfg = Debug|Any CPU
		{71941B97-E905-4BE2-82AB-8114F57BE27C}.Release|Any CPU.ActiveCfg = Release|Any CPU
		{71941B97-E905-4BE2-82AB-8114F57BE27C}.Release|Any CPU.Build.0 = Release|Any CPU
		{71941B97-E905-4BE2-82AB-8114F57BE27C}.Release|Mixed Platforms.ActiveCfg = Release|Any CPU
		{71941B97-E905-4BE2-82AB-8114F57BE27C}.Release|Mixed Platforms.Build.0 = Release|Any CPU
		{71941B97-E905-4BE2-82AB-8114F57BE27C}.Release|x86.ActiveCfg = Release|Any CPU
		{9B0C567E-CE8F-4EB3-B23D-90C3E1256AAB}.Debug|Any CPU.ActiveCfg = Debug|Any CPU
		{9B0C567E-CE8F-4EB3-B23D-90C3E1256AAB}.Debug|Any CPU.Build.0 = Debug|Any CPU
		{9B0C567E-CE8F-4EB3-B23D-90C3E1256AAB}.Debug|Mixed Platforms.ActiveCfg = Debug|Any CPU
		{9B0C567E-CE8F-4EB3-B23D-90C3E1256AAB}.Debug|Mixed Platforms.Build.0 = Debug|Any CPU
		{9B0C567E-CE8F-4EB3-B23D-90C3E1256AAB}.Debug|x86.ActiveCfg = Debug|Any CPU
		{9B0C567E-CE8F-4EB3-B23D-90C3E1256AAB}.Release|Any CPU.ActiveCfg = Release|Any CPU
		{9B0C567E-CE8F-4EB3-B23D-90C3E1256AAB}.Release|Any CPU.Build.0 = Release|Any CPU
		{9B0C567E-CE8F-4EB3-B23D-90C3E1256AAB}.Release|Mixed Platforms.ActiveCfg = Release|Any CPU
		{9B0C567E-CE8F-4EB3-B23D-90C3E1256AAB}.Release|Mixed Platforms.Build.0 = Release|Any CPU
		{9B0C567E-CE8F-4EB3-B23D-90C3E1256AAB}.Release|x86.ActiveCfg = Release|Any CPU
		{213F254E-BA77-4766-8BAC-B641CB867E0F}.Debug|Any CPU.ActiveCfg = Debug|Any CPU
		{213F254E-BA77-4766-8BAC-B641CB867E0F}.Debug|Any CPU.Build.0 = Debug|Any CPU
		{213F254E-BA77-4766-8BAC-B641CB867E0F}.Debug|Mixed Platforms.ActiveCfg = Debug|Any CPU
		{213F254E-BA77-4766-8BAC-B641CB867E0F}.Debug|Mixed Platforms.Build.0 = Debug|Any CPU
		{213F254E-BA77-4766-8BAC-B641CB867E0F}.Debug|x86.ActiveCfg = Debug|Any CPU
		{213F254E-BA77-4766-8BAC-B641CB867E0F}.Release|Any CPU.ActiveCfg = Release|Any CPU
		{213F254E-BA77-4766-8BAC-B641CB867E0F}.Release|Any CPU.Build.0 = Release|Any CPU
		{213F254E-BA77-4766-8BAC-B641CB867E0F}.Release|Mixed Platforms.ActiveCfg = Release|Any CPU
		{213F254E-BA77-4766-8BAC-B641CB867E0F}.Release|Mixed Platforms.Build.0 = Release|Any CPU
		{213F254E-BA77-4766-8BAC-B641CB867E0F}.Release|x86.ActiveCfg = Release|Any CPU
	EndGlobalSection
	GlobalSection(SolutionProperties) = preSolution
		HideSolutionNode = FALSE
	EndGlobalSection
	GlobalSection(TestCaseManagementSettings) = postSolution
		CategoryFile = PlanillaAsistencia.vsmdi
	EndGlobalSection
EndGlobal
